{
  "version": 1,
  "dependencies": {
    "net8.0-windows7.0": {
      "DalamudPackager": {
        "type": "Direct",
        "requested": "[2.1.13, )",
        "resolved": "2.1.13",
        "contentHash": "rMN1omGe8536f4xLMvx9NwfvpAc9YFFfeXJ1t4P4PE6Gu8WCIoFliR1sh07hM+bfODmesk/dvMbji7vNI+B/pQ=="
      },
      "mgholam.fastCSV": {
        "type": "Direct",
        "requested": "[2.0.9, )",
        "resolved": "2.0.9",
        "contentHash": "AOFqanoVebasDk/X1qm7X9/q/UwTz6/fpNFfqsEh6K1euTV9CxknPIhlLpo6CHlhiyMUs1/vv+g+KE8C8VYGcg=="
      },
      "penumbra.string": {
        "type": "Project"
      }
    }
  }
}